
Microsoft Visual Studio Solution File, Format Version 12.00
# Visual Studio Version 17
VisualStudioVersion = 17.0.32014.148
MinimumVisualStudioVersion = 10.0.40219.1
Project("{FAE04EC0-301F-11D3-BF4B-00C04F79EFBC}") = "Demo_K8S", "Demo_K8S\Demo_K8S.csproj", "{FFC6C8B3-8CB7-4D80-BE43-6FE1833CA315}"
EndProject
Global
	GlobalSection(SolutionConfigurationPlatforms) = preSolution
		Debug|Any CPU = Debug|Any CPU
		Release|Any CPU = Release|Any CPU
	EndGlobalSection
	GlobalSection(ProjectConfigurationPlatforms) = postSolution
		{FFC6C8B3-8CB7-4D80-BE43-6FE1833CA315}.Debug|Any CPU.ActiveCfg = Debug|Any CPU
		{FFC6C8B3-8CB7-4D80-BE43-6FE1833CA315}.Debug|Any CPU.Build.0 = Debug|Any CPU
		{FFC6C8B3-8CB7-4D80-BE43-6FE1833CA315}.Release|Any CPU.ActiveCfg = Release|Any CPU
		{FFC6C8B3-8CB7-4D80-BE43-6FE1833CA315}.Release|Any CPU.Build.0 = Release|Any CPU
	EndGlobalSection
	GlobalSection(SolutionProperties) = preSolution
		HideSolutionNode = FALSE
	EndGlobalSection
	GlobalSection(ExtensibilityGlobals) = postSolution
		SolutionGuid = {F7FE57F2-8D31-45CC-8BE2-E4167DE9A66D}
	EndGlobalSection
EndGlobal
